// !$*UTF8*$!
{
	archiveVersion = 1;
	classes = {
	};
	objectVersion = 50;
	objects = {

/* Begin PBXBuildFile section */
		B813C96623CE20D500B44F6D /* HudView.swift in Sources */ = {isa = PBXBuildFile; fileRef = B813C96523CE20D500B44F6D /* HudView.swift */; };
		B813C96923CF4C4500B44F6D /* Model.xcdatamodeld in Sources */ = {isa = PBXBuildFile; fileRef = B813C96723CF4C4500B44F6D /* Model.xcdatamodeld */; };
		B813C96C23CF4ED100B44F6D /* Location+CoreDataClass.swift in Sources */ = {isa = PBXBuildFile; fileRef = B813C96A23CF4ED100B44F6D /* Location+CoreDataClass.swift */; };
		B813C96D23CF4ED100B44F6D /* Location+CoreDataProperties.swift in Sources */ = {isa = PBXBuildFile; fileRef = B813C96B23CF4ED100B44F6D /* Location+CoreDataProperties.swift */; };
		B83D746523D211D800A31B32 /* UIImage+Resize.swift in Sources */ = {isa = PBXBuildFile; fileRef = B83D746423D211D800A31B32 /* UIImage+Resize.swift */; };
		B864254123CF964D0029D125 /* Helpers.swift in Sources */ = {isa = PBXBuildFile; fileRef = B864254023CF964D0029D125 /* Helpers.swift */; };
		B864254323D094480029D125 /* Locations.swift in Sources */ = {isa = PBXBuildFile; fileRef = B864254223D094480029D125 /* Locations.swift */; };
		B864254523D098BB0029D125 /* LocationCell.swift in Sources */ = {isa = PBXBuildFile; fileRef = B864254423D098BB0029D125 /* LocationCell.swift */; };
		B864254823D0F3650029D125 /* MapKit.framework in Frameworks */ = {isa = PBXBuildFile; fileRef = B864254723D0F3650029D125 /* MapKit.framework */; };
		B864254A23D0F3F20029D125 /* MapView.swift in Sources */ = {isa = PBXBuildFile; fileRef = B864254923D0F3F20029D125 /* MapView.swift */; };
		B8A1324E23CE046A0099FE28 /* CategoryPicker.swift in Sources */ = {isa = PBXBuildFile; fileRef = B8A1324D23CE046A0099FE28 /* CategoryPicker.swift */; };
		B8BE25E723CBEB74008DF70F /* AppDelegate.swift in Sources */ = {isa = PBXBuildFile; fileRef = B8BE25E623CBEB74008DF70F /* AppDelegate.swift */; };
		B8BE25E923CBEB74008DF70F /* SceneDelegate.swift in Sources */ = {isa = PBXBuildFile; fileRef = B8BE25E823CBEB74008DF70F /* SceneDelegate.swift */; };
		B8BE25EB23CBEB74008DF70F /* CurrentLocation.swift in Sources */ = {isa = PBXBuildFile; fileRef = B8BE25EA23CBEB74008DF70F /* CurrentLocation.swift */; };
		B8BE25F023CBEB74008DF70F /* Main.storyboard in Resources */ = {isa = PBXBuildFile; fileRef = B8BE25EE23CBEB74008DF70F /* Main.storyboard */; };
		B8BE25F223CBEB78008DF70F /* Assets.xcassets in Resources */ = {isa = PBXBuildFile; fileRef = B8BE25F123CBEB78008DF70F /* Assets.xcassets */; };
		B8BE25F523CBEB78008DF70F /* LaunchScreen.storyboard in Resources */ = {isa = PBXBuildFile; fileRef = B8BE25F323CBEB78008DF70F /* LaunchScreen.storyboard */; };
		B8DBB15923CDFD8000AAC269 /* LocationDetails.swift in Sources */ = {isa = PBXBuildFile; fileRef = B8DBB15823CDFD8000AAC269 /* LocationDetails.swift */; };
/* End PBXBuildFile section */

/* Begin PBXFileReference section */
		B813C96523CE20D500B44F6D /* HudView.swift */ = {isa = PBXFileReference; lastKnownFileType = sourcecode.swift; path = HudView.swift; sourceTree = "<group>"; };
		B813C96823CF4C4500B44F6D /* Model.xcdatamodel */ = {isa = PBXFileReference; lastKnownFileType = wrapper.xcdatamodel; path = Model.xcdatamodel; sourceTree = "<group>"; };
		B813C96A23CF4ED100B44F6D /* Location+CoreDataClass.swift */ = {isa = PBXFileReference; lastKnownFileType = sourcecode.swift; path = "Location+CoreDataClass.swift"; sourceTree = "<group>"; };
		B813C96B23CF4ED100B44F6D /* Location+CoreDataProperties.swift */ = {isa = PBXFileReference; lastKnownFileType = sourcecode.swift; path = "Location+CoreDataProperties.swift"; sourceTree = "<group>"; };
		B83D746423D211D800A31B32 /* UIImage+Resize.swift */ = {isa = PBXFileReference; lastKnownFileType = sourcecode.swift; path = "UIImage+Resize.swift"; sourceTree = "<group>"; };
		B864254023CF964D0029D125 /* Helpers.swift */ = {isa = PBXFileReference; lastKnownFileType = sourcecode.swift; path = Helpers.swift; sourceTree = "<group>"; };
		B864254223D094480029D125 /* Locations.swift */ = {isa = PBXFileReference; lastKnownFileType = sourcecode.swift; path = Locations.swift; sourceTree = "<group>"; };
		B864254423D098BB0029D125 /* LocationCell.swift */ = {isa = PBXFileReference; lastKnownFileType = sourcecode.swift; path = LocationCell.swift; sourceTree = "<group>"; };
		B864254723D0F3650029D125 /* MapKit.framework */ = {isa = PBXFileReference; lastKnownFileType = wrapper.framework; name = MapKit.framework; path = System/Library/Frameworks/MapKit.framework; sourceTree = SDKROOT; };
		B864254923D0F3F20029D125 /* MapView.swift */ = {isa = PBXFileReference; lastKnownFileType = sourcecode.swift; name = MapView.swift; path = FavLocations/Controllers/MapView.swift; sourceTree = SOURCE_ROOT; };
		B8A1324D23CE046A0099FE28 /* CategoryPicker.swift */ = {isa = PBXFileReference; lastKnownFileType = sourcecode.swift; path = CategoryPicker.swift; sourceTree = "<group>"; };
		B8BE25E323CBEB74008DF70F /* FavLocations.app */ = {isa = PBXFileReference; explicitFileType = wrapper.application; includeInIndex = 0; path = FavLocations.app; sourceTree = BUILT_PRODUCTS_DIR; };
		B8BE25E623CBEB74008DF70F /* AppDelegate.swift */ = {isa = PBXFileReference; lastKnownFileType = sourcecode.swift; path = AppDelegate.swift; sourceTree = "<group>"; };
		B8BE25E823CBEB74008DF70F /* SceneDelegate.swift */ = {isa = PBXFileReference; lastKnownFileType = sourcecode.swift; path = SceneDelegate.swift; sourceTree = "<group>"; };
		B8BE25EA23CBEB74008DF70F /* CurrentLocation.swift */ = {isa = PBXFileReference; lastKnownFileType = sourcecode.swift; path = CurrentLocation.swift; sourceTree = "<group>"; };
		B8BE25EF23CBEB74008DF70F /* Base */ = {isa = PBXFileReference; lastKnownFileType = file.storyboard; name = Base; path = Base.lproj/Main.storyboard; sourceTree = "<group>"; };
		B8BE25F123CBEB78008DF70F /* Assets.xcassets */ = {isa = PBXFileReference; lastKnownFileType = folder.assetcatalog; path = Assets.xcassets; sourceTree = "<group>"; };
		B8BE25F423CBEB78008DF70F /* Base */ = {isa = PBXFileReference; lastKnownFileType = file.storyboard; name = Base; path = Base.lproj/LaunchScreen.storyboard; sourceTree = "<group>"; };
		B8BE25F623CBEB78008DF70F /* Info.plist */ = {isa = PBXFileReference; lastKnownFileType = text.plist.xml; path = Info.plist; sourceTree = "<group>"; };
		B8DBB15823CDFD8000AAC269 /* LocationDetails.swift */ = {isa = PBXFileReference; lastKnownFileType = sourcecode.swift; path = LocationDetails.swift; sourceTree = "<group>"; };
/* End PBXFileReference section */

/* Begin PBXFrameworksBuildPhase section */
		B8BE25E023CBEB74008DF70F /* Frameworks */ = {
			isa = PBXFrameworksBuildPhase;
			buildActionMask = 2147483647;
			files = (
				B864254823D0F3650029D125 /* MapKit.framework in Frameworks */,
			);
			runOnlyForDeploymentPostprocessing = 0;
		};
/* End PBXFrameworksBuildPhase section */

/* Begin PBXGroup section */
		B813C96423CE20C400B44F6D /* Views */ = {
			isa = PBXGroup;
			children = (
				B813C96523CE20D500B44F6D /* HudView.swift */,
				B864254423D098BB0029D125 /* LocationCell.swift */,
			);
			path = Views;
			sourceTree = "<group>";
		};
		B813C96E23CF4ED700B44F6D /* Data Model */ = {
			isa = PBXGroup;
			children = (
				B813C96723CF4C4500B44F6D /* Model.xcdatamodeld */,
				B813C96A23CF4ED100B44F6D /* Location+CoreDataClass.swift */,
				B813C96B23CF4ED100B44F6D /* Location+CoreDataProperties.swift */,
			);
			path = "Data Model";
			sourceTree = "<group>";
		};
		B813C96F23CF4EFD00B44F6D /* Assets */ = {
			isa = PBXGroup;
			children = (
				B8BE25EE23CBEB74008DF70F /* Main.storyboard */,
				B8BE25F123CBEB78008DF70F /* Assets.xcassets */,
				B8BE25F323CBEB78008DF70F /* LaunchScreen.storyboard */,
			);
			path = Assets;
			sourceTree = "<group>";
		};
		B864254623D0F3650029D125 /* Frameworks */ = {
			isa = PBXGroup;
			children = (
				B864254723D0F3650029D125 /* MapKit.framework */,
			);
			name = Frameworks;
			sourceTree = "<group>";
		};
		B8BE25DA23CBEB74008DF70F = {
			isa = PBXGroup;
			children = (
				B8BE25E523CBEB74008DF70F /* FavLocations */,
				B8BE25E423CBEB74008DF70F /* Products */,
				B864254623D0F3650029D125 /* Frameworks */,
			);
			sourceTree = "<group>";
		};
		B8BE25E423CBEB74008DF70F /* Products */ = {
			isa = PBXGroup;
			children = (
				B8BE25E323CBEB74008DF70F /* FavLocations.app */,
			);
			name = Products;
			sourceTree = "<group>";
		};
		B8BE25E523CBEB74008DF70F /* FavLocations */ = {
			isa = PBXGroup;
			children = (
				B813C96F23CF4EFD00B44F6D /* Assets */,
				B813C96E23CF4ED700B44F6D /* Data Model */,
				B813C96423CE20C400B44F6D /* Views */,
				B8DBB15723CDFD5600AAC269 /* Controllers */,
				B8BE25F623CBEB78008DF70F /* Info.plist */,
				B8BE25E623CBEB74008DF70F /* AppDelegate.swift */,
				B8BE25E823CBEB74008DF70F /* SceneDelegate.swift */,
				B864254023CF964D0029D125 /* Helpers.swift */,
				B83D746423D211D800A31B32 /* UIImage+Resize.swift */,
			);
			path = FavLocations;
			sourceTree = "<group>";
		};
		B8DBB15723CDFD5600AAC269 /* Controllers */ = {
			isa = PBXGroup;
			children = (
				B864254923D0F3F20029D125 /* MapView.swift */,
				B8BE25EA23CBEB74008DF70F /* CurrentLocation.swift */,
				B8DBB15823CDFD8000AAC269 /* LocationDetails.swift */,
				B8A1324D23CE046A0099FE28 /* CategoryPicker.swift */,
				B864254223D094480029D125 /* Locations.swift */,
			);
			path = Controllers;
			sourceTree = "<group>";
		};
/* End PBXGroup section */

/* Begin PBXNativeTarget section */
		B8BE25E223CBEB74008DF70F /* FavLocations */ = {
			isa = PBXNativeTarget;
			buildConfigurationList = B8BE25F923CBEB78008DF70F /* Build configuration list for PBXNativeTarget "FavLocations" */;
			buildPhases = (
				B8BE25DF23CBEB74008DF70F /* Sources */,
				B8BE25E023CBEB74008DF70F /* Frameworks */,
				B8BE25E123CBEB74008DF70F /* Resources */,
			);
			buildRules = (
			);
			dependencies = (
			);
			name = FavLocations;
			productName = FavLocations;
			productReference = B8BE25E323CBEB74008DF70F /* FavLocations.app */;
			productType = "com.apple.product-type.application";
		};
/* End PBXNativeTarget section */

/* Begin PBXProject section */
		B8BE25DB23CBEB74008DF70F /* Project object */ = {
			isa = PBXProject;
			attributes = {
				LastSwiftUpdateCheck = 1120;
				LastUpgradeCheck = 1120;
				ORGANIZATIONNAME = "Fosteman's Software Solutions LLC";
				TargetAttributes = {
					B8BE25E223CBEB74008DF70F = {
						CreatedOnToolsVersion = 11.2.1;
					};
				};
			};
			buildConfigurationList = B8BE25DE23CBEB74008DF70F /* Build configuration list for PBXProject "FavLocations" */;
			compatibilityVersion = "Xcode 9.3";
			developmentRegion = en;
			hasScannedForEncodings = 0;
			knownRegions = (
				en,
				Base,
			);
			mainGroup = B8BE25DA23CBEB74008DF70F;
			productRefGroup = B8BE25E423CBEB74008DF70F /* Products */;
			projectDirPath = "";
			projectRoot = "";
			targets = (
				B8BE25E223CBEB74008DF70F /* FavLocations */,
			);
		};
/* End PBXProject section */

/* Begin PBXResourcesBuildPhase section */
		B8BE25E123CBEB74008DF70F /* Resources */ = {
			isa = PBXResourcesBuildPhase;
			buildActionMask = 2147483647;
			files = (
				B8BE25F523CBEB78008DF70F /* LaunchScreen.storyboard in Resources */,
				B8BE25F223CBEB78008DF70F /* Assets.xcassets in Resources */,
				B8BE25F023CBEB74008DF70F /* Main.storyboard in Resources */,
			);
			runOnlyForDeploymentPostprocessing = 0;
		};
/* End PBXResourcesBuildPhase section */

/* Begin PBXSourcesBuildPhase section */
		B8BE25DF23CBEB74008DF70F /* Sources */ = {
			isa = PBXSourcesBuildPhase;
			buildActionMask = 2147483647;
			files = (
				B8DBB15923CDFD8000AAC269 /* LocationDetails.swift in Sources */,
				B8BE25EB23CBEB74008DF70F /* CurrentLocation.swift in Sources */,
				B813C96923CF4C4500B44F6D /* Model.xcdatamodeld in Sources */,
				B864254123CF964D0029D125 /* Helpers.swift in Sources */,
				B864254A23D0F3F20029D125 /* MapView.swift in Sources */,
				B813C96D23CF4ED100B44F6D /* Location+CoreDataProperties.swift in Sources */,
				B8BE25E723CBEB74008DF70F /* AppDelegate.swift in Sources */,
				B83D746523D211D800A31B32 /* UIImage+Resize.swift in Sources */,
				B864254523D098BB0029D125 /* LocationCell.swift in Sources */,
				B8BE25E923CBEB74008DF70F /* SceneDelegate.swift in Sources */,
				B813C96C23CF4ED100B44F6D /* Location+CoreDataClass.swift in Sources */,
				B813C96623CE20D500B44F6D /* HudView.swift in Sources */,
				B864254323D094480029D125 /* Locations.swift in Sources */,
				B8A1324E23CE046A0099FE28 /* CategoryPicker.swift in Sources */,
			);
			runOnlyForDeploymentPostprocessing = 0;
		};
/* End PBXSourcesBuildPhase section */

/* Begin PBXVariantGroup section */
		B8BE25EE23CBEB74008DF70F /* Main.storyboard */ = {
			isa = PBXVariantGroup;
			children = (
				B8BE25EF23CBEB74008DF70F /* Base */,
			);
			name = Main.storyboard;
			sourceTree = "<group>";
		};
		B8BE25F323CBEB78008DF70F /* LaunchScreen.storyboard */ = {
			isa = PBXVariantGroup;
			children = (
				B8BE25F423CBEB78008DF70F /* Base */,
			);
			name = LaunchScreen.storyboard;
			sourceTree = "<group>";
		};
/* End PBXVariantGroup section */

/* Begin XCBuildConfiguration section */
		B8BE25F723CBEB78008DF70F /* Debug */ = {
			isa = XCBuildConfiguration;
			buildSettings = {
				ALWAYS_SEARCH_USER_PATHS = NO;
				CLANG_ANALYZER_NONNULL = YES;
				CLANG_ANALYZER_NUMBER_OBJECT_CONVERSION = YES_AGGRESSIVE;
				CLANG_CXX_LANGUAGE_STANDARD = "gnu++14";
				CLANG_CXX_LIBRARY = "libc++";
				CLANG_ENABLE_MODULES = YES;
				CLANG_ENABLE_OBJC_ARC = YES;
				CLANG_ENABLE_OBJC_WEAK = YES;
				CLANG_WARN_BLOCK_CAPTURE_AUTORELEASING = YES;
				CLANG_WARN_BOOL_CONVERSION = YES;
				CLANG_WARN_COMMA = YES;
				CLANG_WARN_CONSTANT_CONVERSION = YES;
				CLANG_WARN_DEPRECATED_OBJC_IMPLEMENTATIONS = YES;
				CLANG_WARN_DIRECT_OBJC_ISA_USAGE = YES_ERROR;
				CLANG_WARN_DOCUMENTATION_COMMENTS = YES;
				CLANG_WARN_EMPTY_BODY = YES;
				CLANG_WARN_ENUM_CONVERSION = YES;
				CLANG_WARN_INFINITE_RECURSION = YES;
				CLANG_WARN_INT_CONVERSION = YES;
				CLANG_WARN_NON_LITERAL_NULL_CONVERSION = YES;
				CLANG_WARN_OBJC_IMPLICIT_RETAIN_SELF = YES;
				CLANG_WARN_OBJC_LITERAL_CONVERSION = YES;
				CLANG_WARN_OBJC_ROOT_CLASS = YES_ERROR;
				CLANG_WARN_RANGE_LOOP_ANALYSIS = YES;
				CLANG_WARN_STRICT_PROTOTYPES = YES;
				CLANG_WARN_SUSPICIOUS_MOVE = YES;
				CLANG_WARN_UNGUARDED_AVAILABILITY = YES_AGGRESSIVE;
				CLANG_WARN_UNREACHABLE_CODE = YES;
				CLANG_WARN__DUPLICATE_METHOD_MATCH = YES;
				COPY_PHASE_STRIP = NO;
				DEBUG_INFORMATION_FORMAT = dwarf;
				ENABLE_STRICT_OBJC_MSGSEND = YES;
				ENABLE_TESTABILITY = YES;
				GCC_C_LANGUAGE_STANDARD = gnu11;
				GCC_DYNAMIC_NO_PIC = NO;
				GCC_NO_COMMON_BLOCKS = YES;
				GCC_OPTIMIZATION_LEVEL = 0;
				GCC_PREPROCESSOR_DEFINITIONS = (
					"DEBUG=1",
					"$(inherited)",
				);
				GCC_WARN_64_TO_32_BIT_CONVERSION = YES;
				GCC_WARN_ABOUT_RETURN_TYPE = YES_ERROR;
				GCC_WARN_UNDECLARED_SELECTOR = YES;
				GCC_WARN_UNINITIALIZED_AUTOS = YES_AGGRESSIVE;
				GCC_WARN_UNUSED_FUNCTION = YES;
				GCC_WARN_UNUSED_VARIABLE = YES;
				IPHONEOS_DEPLOYMENT_TARGET = 13.2;
				MTL_ENABLE_DEBUG_INFO = INCLUDE_SOURCE;
				MTL_FAST_MATH = YES;
				ONLY_ACTIVE_ARCH = YES;
				SDKROOT = iphoneos;
				SWIFT_ACTIVE_COMPILATION_CONDITIONS = DEBUG;
				SWIFT_OPTIMIZATION_LEVEL = "-Onone";
			};
			name = Debug;
		};
		B8BE25F823CBEB78008DF70F /* Release */ = {
			isa = XCBuildConfiguration;
			buildSettings = {
				ALWAYS_SEARCH_USER_PATHS = NO;
				CLANG_ANALYZER_NONNULL = YES;
				CLANG_ANALYZER_NUMBER_OBJECT_CONVERSION = YES_AGGRESSIVE;
				CLANG_CXX_LANGUAGE_STANDARD = "gnu++14";
				CLANG_CXX_LIBRARY = "libc++";
				CLANG_ENABLE_MODULES = YES;
				CLANG_ENABLE_OBJC_ARC = YES;
				CLANG_ENABLE_OBJC_WEAK = YES;
				CLANG_WARN_BLOCK_CAPTURE_AUTORELEASING = YES;
				CLANG_WARN_BOOL_CONVERSION = YES;
				CLANG_WARN_COMMA = YES;
				CLANG_WARN_CONSTANT_CONVERSION = YES;
				CLANG_WARN_DEPRECATED_OBJC_IMPLEMENTATIONS = YES;
				CLANG_WARN_DIRECT_OBJC_ISA_USAGE = YES_ERROR;
				CLANG_WARN_DOCUMENTATION_COMMENTS = YES;
				CLANG_WARN_EMPTY_BODY = YES;
				CLANG_WARN_ENUM_CONVERSION = YES;
				CLANG_WARN_INFINITE_RECURSION = YES;
				CLANG_WARN_INT_CONVERSION = YES;
				CLANG_WARN_NON_LITERAL_NULL_CONVERSION = YES;
				CLANG_WARN_OBJC_IMPLICIT_RETAIN_SELF = YES;
				CLANG_WARN_OBJC_LITERAL_CONVERSION = YES;
				CLANG_WARN_OBJC_ROOT_CLASS = YES_ERROR;
				CLANG_WARN_RANGE_LOOP_ANALYSIS = YES;
				CLANG_WARN_STRICT_PROTOTYPES = YES;
				CLANG_WARN_SUSPICIOUS_MOVE = YES;
				CLANG_WARN_UNGUARDED_AVAILABILITY = YES_AGGRESSIVE;
				CLANG_WARN_UNREACHABLE_CODE = YES;
				CLANG_WARN__DUPLICATE_METHOD_MATCH = YES;
				COPY_PHASE_STRIP = NO;
				DEBUG_INFORMATION_FORMAT = "dwarf-with-dsym";
				ENABLE_NS_ASSERTIONS = NO;
				ENABLE_STRICT_OBJC_MSGSEND = YES;
				GCC_C_LANGUAGE_STANDARD = gnu11;
				GCC_NO_COMMON_BLOCKS = YES;
				GCC_WARN_64_TO_32_BIT_CONVERSION = YES;
				GCC_WARN_ABOUT_RETURN_TYPE = YES_ERROR;
				GCC_WARN_UNDECLARED_SELECTOR = YES;
				GCC_WARN_UNINITIALIZED_AUTOS = YES_AGGRESSIVE;
				GCC_WARN_UNUSED_FUNCTION = YES;
				GCC_WARN_UNUSED_VARIABLE = YES;
				IPHONEOS_DEPLOYMENT_TARGET = 13.2;
				MTL_ENABLE_DEBUG_INFO = NO;
				MTL_FAST_MATH = YES;
				SDKROOT = iphoneos;
				SWIFT_COMPILATION_MODE = wholemodule;
				SWIFT_OPTIMIZATION_LEVEL = "-O";
				VALIDATE_PRODUCT = YES;
			};
			name = Release;
		};
		B8BE25FA23CBEB78008DF70F /* Debug */ = {
			isa = XCBuildConfiguration;
			buildSettings = {
				ASSETCATALOG_COMPILER_APPICON_NAME = AppIcon;
				CODE_SIGN_STYLE = Automatic;
				DEVELOPMENT_TEAM = 6FVY28G8X9;
				INFOPLIST_FILE = FavLocations/Info.plist;
				IPHONEOS_DEPLOYMENT_TARGET = 13.1;
				LD_RUNPATH_SEARCH_PATHS = (
					"$(inherited)",
					"@executable_path/Frameworks",
				);
				PRODUCT_BUNDLE_IDENTIFIER = com.fostemans.FavLocations;
				PRODUCT_NAME = "$(TARGET_NAME)";
				SWIFT_VERSION = 5.0;
				TARGETED_DEVICE_FAMILY = "1,2";
			};
			name = Debug;
		};
		B8BE25FB23CBEB78008DF70F /* Release */ = {
			isa = XCBuildConfiguration;
			buildSettings = {
				ASSETCATALOG_COMPILER_APPICON_NAME = AppIcon;
				CODE_SIGN_STYLE = Automatic;
				DEVELOPMENT_TEAM = 6FVY28G8X9;
				INFOPLIST_FILE = FavLocations/Info.plist;
				IPHONEOS_DEPLOYMENT_TARGET = 13.1;
				LD_RUNPATH_SEARCH_PATHS = (
					"$(inherited)",
					"@executable_path/Frameworks",
				);
				PRODUCT_BUNDLE_IDENTIFIER = com.fostemans.FavLocations;
				PRODUCT_NAME = "$(TARGET_NAME)";
				SWIFT_VERSION = 5.0;
				TARGETED_DEVICE_FAMILY = "1,2";
			};
			name = Release;
		};
/* End XCBuildConfiguration section */

/* Begin XCConfigurationList section */
		B8BE25DE23CBEB74008DF70F /* Build configuration list for PBXProject "FavLocations" */ = {
			isa = XCConfigurationList;
			buildConfigurations = (
				B8BE25F723CBEB78008DF70F /* Debug */,
				B8BE25F823CBEB78008DF70F /* Release */,
			);
			defaultConfigurationIsVisible = 0;
			defaultConfigurationName = Release;
		};
		B8BE25F923CBEB78008DF70F /* Build configuration list for PBXNativeTarget "FavLocations" */ = {
			isa = XCConfigurationList;
			buildConfigurations = (
				B8BE25FA23CBEB78008DF70F /* Debug */,
				B8BE25FB23CBEB78008DF70F /* Release */,
			);
			defaultConfigurationIsVisible = 0;
			defaultConfigurationName = Release;
		};
/* End XCConfigurationList section */

/* Begin XCVersionGroup section */
		B813C96723CF4C4500B44F6D /* Model.xcdatamodeld */ = {
			isa = XCVersionGroup;
			children = (
				B813C96823CF4C4500B44F6D /* Model.xcdatamodel */,
			);
			currentVersion = B813C96823CF4C4500B44F6D /* Model.xcdatamodel */;
			path = Model.xcdatamodeld;
			sourceTree = "<group>";
			versionGroupType = wrapper.xcdatamodel;
		};
/* End XCVersionGroup section */
	};
	rootObject = B8BE25DB23CBEB74008DF70F /* Project object */;
}
